dependencies:
- name: nfs-server-provisioner
  repository: https://kubernetes-charts.storage.googleapis.com/
  version: 0.1.5
- name: ambassador
  repository: https://www.getambassador.io
  version: 0.40.1
digest: sha256:1027db722fda0e91e7b7aa6444175ee4c84b171d66a5f99bc725af99a7f3548f
generated: 2018-10-31T07:39:23.072016605Z
